
Microsoft Visual Studio Solution File, Format Version 12.00
# Visual Studio 15
VisualStudioVersion = 15.0.27428.2037
MinimumVisualStudioVersion = 10.0.40219.1
Project("{9A19103F-16F7-4668-BE54-9A1E7A4F7556}") = "OpenIDSample", "OpenIDSample\OpenIDSample.csproj", "{C46FB805-6C8D-4FAC-A00C-5CA6A47B22E6}"
EndProject
Project("{2150E333-8FDC-42A3-9474-1A3956D46DE8}") = "AuthServer", "AuthServer", "{A764D1C5-3BEB-4CEC-AA15-38F283162E2A}"
EndProject
Project("{9A19103F-16F7-4668-BE54-9A1E7A4F7556}") = "WebAPIClient", "WebAPIClient\WebAPIClient.csproj", "{52794B9F-00A7-4A72-90BC-995CCA0704FF}"
EndProject
Project("{9A19103F-16F7-4668-BE54-9A1E7A4F7556}") = "Ids4Sample", "Ids4Sample\Ids4Sample.csproj", "{968475DE-AF67-4624-882E-A6FC4C5F8F7A}"
EndProject
Project("{9A19103F-16F7-4668-BE54-9A1E7A4F7556}") = "Ids4Services", "Ids4Services\Ids4Services.csproj", "{430EBC50-D94C-4BDF-AC66-B8C113EEEE1A}"
EndProject
Project("{2150E333-8FDC-42A3-9474-1A3956D46DE8}") = "Clients", "Clients", "{D98B86AD-8CBC-4816-93C6-19E35A01971D}"
EndProject
Project("{9A19103F-16F7-4668-BE54-9A1E7A4F7556}") = "ApiServicesSample", "ClientCredSample\ApiServicesSample.csproj", "{7E29B386-3792-4459-974E-679799DA0DE7}"
EndProject
Project("{9A19103F-16F7-4668-BE54-9A1E7A4F7556}") = "ClientCredAppSample", "ClientCredAppSample\ClientCredAppSample.csproj", "{7E549EAF-A59A-4396-9AAC-A274322F8611}"
EndProject
Project("{2150E333-8FDC-42A3-9474-1A3956D46DE8}") = "ResourcesServices", "ResourcesServices", "{76FA1955-7FFD-446B-9E12-906214D7E712}"
EndProject
Project("{9A19103F-16F7-4668-BE54-9A1E7A4F7556}") = "IdentitySample", "IdentitySample\IdentitySample.csproj", "{079D4AE8-D1F8-4A64-8E04-A9505CB55B5B}"
EndProject
Project("{2150E333-8FDC-42A3-9474-1A3956D46DE8}") = "Identity", "Identity", "{9054F1B9-C42A-46C2-88D1-11B10FD85681}"
EndProject
Global
	GlobalSection(SolutionConfigurationPlatforms) = preSolution
		Debug|Any CPU = Debug|Any CPU
		Release|Any CPU = Release|Any CPU
	EndGlobalSection
	GlobalSection(ProjectConfigurationPlatforms) = postSolution
		{C46FB805-6C8D-4FAC-A00C-5CA6A47B22E6}.Debug|Any CPU.ActiveCfg = Debug|Any CPU
		{C46FB805-6C8D-4FAC-A00C-5CA6A47B22E6}.Debug|Any CPU.Build.0 = Debug|Any CPU
		{C46FB805-6C8D-4FAC-A00C-5CA6A47B22E6}.Release|Any CPU.ActiveCfg = Release|Any CPU
		{C46FB805-6C8D-4FAC-A00C-5CA6A47B22E6}.Release|Any CPU.Build.0 = Release|Any CPU
		{52794B9F-00A7-4A72-90BC-995CCA0704FF}.Debug|Any CPU.ActiveCfg = Debug|Any CPU
		{52794B9F-00A7-4A72-90BC-995CCA0704FF}.Debug|Any CPU.Build.0 = Debug|Any CPU
		{52794B9F-00A7-4A72-90BC-995CCA0704FF}.Release|Any CPU.ActiveCfg = Release|Any CPU
		{52794B9F-00A7-4A72-90BC-995CCA0704FF}.Release|Any CPU.Build.0 = Release|Any CPU
		{968475DE-AF67-4624-882E-A6FC4C5F8F7A}.Debug|Any CPU.ActiveCfg = Debug|Any CPU
		{968475DE-AF67-4624-882E-A6FC4C5F8F7A}.Debug|Any CPU.Build.0 = Debug|Any CPU
		{968475DE-AF67-4624-882E-A6FC4C5F8F7A}.Release|Any CPU.ActiveCfg = Release|Any CPU
		{968475DE-AF67-4624-882E-A6FC4C5F8F7A}.Release|Any CPU.Build.0 = Release|Any CPU
		{430EBC50-D94C-4BDF-AC66-B8C113EEEE1A}.Debug|Any CPU.ActiveCfg = Debug|Any CPU
		{430EBC50-D94C-4BDF-AC66-B8C113EEEE1A}.Debug|Any CPU.Build.0 = Debug|Any CPU
		{430EBC50-D94C-4BDF-AC66-B8C113EEEE1A}.Release|Any CPU.ActiveCfg = Release|Any CPU
		{430EBC50-D94C-4BDF-AC66-B8C113EEEE1A}.Release|Any CPU.Build.0 = Release|Any CPU
		{7E29B386-3792-4459-974E-679799DA0DE7}.Debug|Any CPU.ActiveCfg = Debug|Any CPU
		{7E29B386-3792-4459-974E-679799DA0DE7}.Debug|Any CPU.Build.0 = Debug|Any CPU
		{7E29B386-3792-4459-974E-679799DA0DE7}.Release|Any CPU.ActiveCfg = Release|Any CPU
		{7E29B386-3792-4459-974E-679799DA0DE7}.Release|Any CPU.Build.0 = Release|Any CPU
		{7E549EAF-A59A-4396-9AAC-A274322F8611}.Debug|Any CPU.ActiveCfg = Debug|Any CPU
		{7E549EAF-A59A-4396-9AAC-A274322F8611}.Debug|Any CPU.Build.0 = Debug|Any CPU
		{7E549EAF-A59A-4396-9AAC-A274322F8611}.Release|Any CPU.ActiveCfg = Release|Any CPU
		{7E549EAF-A59A-4396-9AAC-A274322F8611}.Release|Any CPU.Build.0 = Release|Any CPU
		{079D4AE8-D1F8-4A64-8E04-A9505CB55B5B}.Debug|Any CPU.ActiveCfg = Debug|Any CPU
		{079D4AE8-D1F8-4A64-8E04-A9505CB55B5B}.Debug|Any CPU.Build.0 = Debug|Any CPU
		{079D4AE8-D1F8-4A64-8E04-A9505CB55B5B}.Release|Any CPU.ActiveCfg = Release|Any CPU
		{079D4AE8-D1F8-4A64-8E04-A9505CB55B5B}.Release|Any CPU.Build.0 = Release|Any CPU
	EndGlobalSection
	GlobalSection(SolutionProperties) = preSolution
		HideSolutionNode = FALSE
	EndGlobalSection
	GlobalSection(NestedProjects) = preSolution
		{C46FB805-6C8D-4FAC-A00C-5CA6A47B22E6} = {A764D1C5-3BEB-4CEC-AA15-38F283162E2A}
		{52794B9F-00A7-4A72-90BC-995CCA0704FF} = {76FA1955-7FFD-446B-9E12-906214D7E712}
		{968475DE-AF67-4624-882E-A6FC4C5F8F7A} = {A764D1C5-3BEB-4CEC-AA15-38F283162E2A}
		{430EBC50-D94C-4BDF-AC66-B8C113EEEE1A} = {A764D1C5-3BEB-4CEC-AA15-38F283162E2A}
		{7E29B386-3792-4459-974E-679799DA0DE7} = {76FA1955-7FFD-446B-9E12-906214D7E712}
		{7E549EAF-A59A-4396-9AAC-A274322F8611} = {D98B86AD-8CBC-4816-93C6-19E35A01971D}
		{079D4AE8-D1F8-4A64-8E04-A9505CB55B5B} = {9054F1B9-C42A-46C2-88D1-11B10FD85681}
		{9054F1B9-C42A-46C2-88D1-11B10FD85681} = {D98B86AD-8CBC-4816-93C6-19E35A01971D}
	EndGlobalSection
	GlobalSection(ExtensibilityGlobals) = postSolution
		SolutionGuid = {60BD6A52-62DA-411B-A941-9600EB59C40C}
	EndGlobalSection
EndGlobal
