
Microsoft Visual Studio Solution File, Format Version 12.00
# Visual Studio 15
VisualStudioVersion = 15.0.28010.2026
MinimumVisualStudioVersion = 10.0.40219.1
Project("{FAE04EC0-301F-11D3-BF4B-00C04F79EFBC}") = "SessionSample", "SessionSample\SessionSample.csproj", "{40CB9CFF-2AD5-4774-80A4-399AFCFD9B83}"
EndProject
Global
	GlobalSection(SolutionConfigurationPlatforms) = preSolution
		Debug|Any CPU = Debug|Any CPU
		Release|Any CPU = Release|Any CPU
	EndGlobalSection
	GlobalSection(ProjectConfigurationPlatforms) = postSolution
		{40CB9CFF-2AD5-4774-80A4-399AFCFD9B83}.Debug|Any CPU.ActiveCfg = Debug|Any CPU
		{40CB9CFF-2AD5-4774-80A4-399AFCFD9B83}.Debug|Any CPU.Build.0 = Debug|Any CPU
		{40CB9CFF-2AD5-4774-80A4-399AFCFD9B83}.Release|Any CPU.ActiveCfg = Release|Any CPU
		{40CB9CFF-2AD5-4774-80A4-399AFCFD9B83}.Release|Any CPU.Build.0 = Release|Any CPU
	EndGlobalSection
	GlobalSection(SolutionProperties) = preSolution
		HideSolutionNode = FALSE
	EndGlobalSection
	GlobalSection(ExtensibilityGlobals) = postSolution
		SolutionGuid = {D13B53EE-7702-486F-917E-9C5CD098C9CA}
	EndGlobalSection
EndGlobal
